
Microsoft Visual Studio Solution File, Format Version 12.00
# Visual Studio for Mac
Project("{FAE04EC0-301F-11D3-BF4B-00C04F79EFBC}") = "proj_unity", "proj_unity.csproj", "{ED337B9A-5CB2-9334-E917-E5FFDBABD855}"
EndProject
Project("{FAE04EC0-301F-11D3-BF4B-00C04F79EFBC}") = "proj_unity.Plugins", "proj_unity.Plugins.csproj", "{C0F8DB8D-10D4-0A2A-0074-41CBF918CFD6}"
EndProject
Project("{FAE04EC0-301F-11D3-BF4B-00C04F79EFBC}") = "proj_unity.Editor", "proj_unity.Editor.csproj", "{C21E0A24-97CC-EF04-83C4-018DD53554DE}"
EndProject
Project("{FAE04EC0-301F-11D3-BF4B-00C04F79EFBC}") = "proj_unity.Editor.Plugins", "proj_unity.Editor.Plugins.csproj", "{93A996FB-2F69-C9AE-5C32-2351EAAF7207}"
EndProject
Global
	GlobalSection(SolutionConfigurationPlatforms) = preSolution
		Debug|Any CPU = Debug|Any CPU
		Release|Any CPU = Release|Any CPU
	EndGlobalSection
	GlobalSection(ProjectConfigurationPlatforms) = postSolution
		{ED337B9A-5CB2-9334-E917-E5FFDBABD855}.Debug|Any CPU.ActiveCfg = Debug|Any CPU
		{ED337B9A-5CB2-9334-E917-E5FFDBABD855}.Debug|Any CPU.Build.0 = Debug|Any CPU
		{ED337B9A-5CB2-9334-E917-E5FFDBABD855}.Release|Any CPU.ActiveCfg = Release|Any CPU
		{ED337B9A-5CB2-9334-E917-E5FFDBABD855}.Release|Any CPU.Build.0 = Release|Any CPU
		{C0F8DB8D-10D4-0A2A-0074-41CBF918CFD6}.Debug|Any CPU.ActiveCfg = Debug|Any CPU
		{C0F8DB8D-10D4-0A2A-0074-41CBF918CFD6}.Debug|Any CPU.Build.0 = Debug|Any CPU
		{C0F8DB8D-10D4-0A2A-0074-41CBF918CFD6}.Release|Any CPU.ActiveCfg = Release|Any CPU
		{C0F8DB8D-10D4-0A2A-0074-41CBF918CFD6}.Release|Any CPU.Build.0 = Release|Any CPU
		{C21E0A24-97CC-EF04-83C4-018DD53554DE}.Debug|Any CPU.ActiveCfg = Debug|Any CPU
		{C21E0A24-97CC-EF04-83C4-018DD53554DE}.Debug|Any CPU.Build.0 = Debug|Any CPU
		{C21E0A24-97CC-EF04-83C4-018DD53554DE}.Release|Any CPU.ActiveCfg = Release|Any CPU
		{C21E0A24-97CC-EF04-83C4-018DD53554DE}.Release|Any CPU.Build.0 = Release|Any CPU
		{93A996FB-2F69-C9AE-5C32-2351EAAF7207}.Debug|Any CPU.ActiveCfg = Debug|Any CPU
		{93A996FB-2F69-C9AE-5C32-2351EAAF7207}.Debug|Any CPU.Build.0 = Debug|Any CPU
		{93A996FB-2F69-C9AE-5C32-2351EAAF7207}.Release|Any CPU.ActiveCfg = Release|Any CPU
		{93A996FB-2F69-C9AE-5C32-2351EAAF7207}.Release|Any CPU.Build.0 = Release|Any CPU
	EndGlobalSection
	GlobalSection(SolutionProperties) = preSolution
		HideSolutionNode = FALSE
	EndGlobalSection
EndGlobal
